// !$*UTF8*$!
{
	archiveVersion = 1;
	classes = {
	};
	objectVersion = 56;
	objects = {

/* Begin PBXBuildFile section */
		051327052B0B6CF4004D7A67 /* bet_managerApp.swift in Sources */ = {isa = PBXBuildFile; fileRef = 051327042B0B6CF4004D7A67 /* bet_managerApp.swift */; };
		051327072B0B6CF4004D7A67 /* ContentView.swift in Sources */ = {isa = PBXBuildFile; fileRef = 051327062B0B6CF4004D7A67 /* ContentView.swift */; };
		051327092B0B6CF5004D7A67 /* Assets.xcassets in Resources */ = {isa = PBXBuildFile; fileRef = 051327082B0B6CF5004D7A67 /* Assets.xcassets */; };
		0513270C2B0B6CF5004D7A67 /* Preview Assets.xcassets in Resources */ = {isa = PBXBuildFile; fileRef = 0513270B2B0B6CF5004D7A67 /* Preview Assets.xcassets */; };
		05406D552B0B98B7005341D9 /* NewBetView.swift in Sources */ = {isa = PBXBuildFile; fileRef = 05406D542B0B98B7005341D9 /* NewBetView.swift */; };
		05406D5B2B0BB113005341D9 /* Bet.swift in Sources */ = {isa = PBXBuildFile; fileRef = 05406D5A2B0BB113005341D9 /* Bet.swift */; };
		0548F09D2B0F4C590000DF0B /* Functions in Frameworks */ = {isa = PBXBuildFile; productRef = 0548F09C2B0F4C590000DF0B /* Functions */; };
		0548F09F2B0F4C590000DF0B /* GoTrue in Frameworks */ = {isa = PBXBuildFile; productRef = 0548F09E2B0F4C590000DF0B /* GoTrue */; };
		0548F0A12B0F4C590000DF0B /* PostgREST in Frameworks */ = {isa = PBXBuildFile; productRef = 0548F0A02B0F4C590000DF0B /* PostgREST */; };
		0548F0A32B0F4C590000DF0B /* Realtime in Frameworks */ = {isa = PBXBuildFile; productRef = 0548F0A22B0F4C590000DF0B /* Realtime */; };
		0548F0A52B0F4C590000DF0B /* Storage in Frameworks */ = {isa = PBXBuildFile; productRef = 0548F0A42B0F4C590000DF0B /* Storage */; };
		0571F4FC2B0F4CC5003C53D4 /* Functions in Frameworks */ = {isa = PBXBuildFile; productRef = 0571F4FB2B0F4CC5003C53D4 /* Functions */; };
		0571F4FE2B0F4CC5003C53D4 /* GoTrue in Frameworks */ = {isa = PBXBuildFile; productRef = 0571F4FD2B0F4CC5003C53D4 /* GoTrue */; };
		0571F5002B0F4CC5003C53D4 /* PostgREST in Frameworks */ = {isa = PBXBuildFile; productRef = 0571F4FF2B0F4CC5003C53D4 /* PostgREST */; };
		0571F5022B0F4CC5003C53D4 /* Realtime in Frameworks */ = {isa = PBXBuildFile; productRef = 0571F5012B0F4CC5003C53D4 /* Realtime */; };
		0571F5042B0F4CC5003C53D4 /* Storage in Frameworks */ = {isa = PBXBuildFile; productRef = 0571F5032B0F4CC5003C53D4 /* Storage */; };
		0571F5062B0F4CC5003C53D4 /* Supabase in Frameworks */ = {isa = PBXBuildFile; productRef = 0571F5052B0F4CC5003C53D4 /* Supabase */; };
		057B48D02B0CDD2F003DB2C7 /* BetDetailsView.swift in Sources */ = {isa = PBXBuildFile; fileRef = 057B48CF2B0CDD2F003DB2C7 /* BetDetailsView.swift */; };
		057B48D22B0CE8B6003DB2C7 /* BetUtils.swift in Sources */ = {isa = PBXBuildFile; fileRef = 057B48D12B0CE8B6003DB2C7 /* BetUtils.swift */; };
		059687822B0F625500E26A9A /* BetDatabase.swift in Sources */ = {isa = PBXBuildFile; fileRef = 059687812B0F625500E26A9A /* BetDatabase.swift */; };
		05BC8FA52B0CAC520066C6B5 /* BetRow.swift in Sources */ = {isa = PBXBuildFile; fileRef = 05BC8FA42B0CAC520066C6B5 /* BetRow.swift */; };
		05EBD8242B0F448700A2B592 /* TotalView.swift in Sources */ = {isa = PBXBuildFile; fileRef = 05EBD8232B0F448700A2B592 /* TotalView.swift */; };
		05EBD8262B0F452C00A2B592 /* MainView.swift in Sources */ = {isa = PBXBuildFile; fileRef = 05EBD8252B0F452C00A2B592 /* MainView.swift */; };
		05EBD8292B0F48FD00A2B592 /* Functions in Frameworks */ = {isa = PBXBuildFile; productRef = 05EBD8282B0F48FD00A2B592 /* Functions */; };
		05EBD82B2B0F48FD00A2B592 /* GoTrue in Frameworks */ = {isa = PBXBuildFile; productRef = 05EBD82A2B0F48FD00A2B592 /* GoTrue */; };
		05EBD82D2B0F48FD00A2B592 /* PostgREST in Frameworks */ = {isa = PBXBuildFile; productRef = 05EBD82C2B0F48FD00A2B592 /* PostgREST */; };
		05EBD82F2B0F48FD00A2B592 /* Realtime in Frameworks */ = {isa = PBXBuildFile; productRef = 05EBD82E2B0F48FD00A2B592 /* Realtime */; };
		05EBD8312B0F48FD00A2B592 /* Storage in Frameworks */ = {isa = PBXBuildFile; productRef = 05EBD8302B0F48FD00A2B592 /* Storage */; };
		05EBD8352B0F4ADC00A2B592 /* Functions in Frameworks */ = {isa = PBXBuildFile; productRef = 05EBD8342B0F4ADC00A2B592 /* Functions */; };
		05EBD8372B0F4ADC00A2B592 /* GoTrue in Frameworks */ = {isa = PBXBuildFile; productRef = 05EBD8362B0F4ADC00A2B592 /* GoTrue */; };
		05EBD8392B0F4ADC00A2B592 /* PostgREST in Frameworks */ = {isa = PBXBuildFile; productRef = 05EBD8382B0F4ADC00A2B592 /* PostgREST */; };
		05EBD83B2B0F4ADC00A2B592 /* Realtime in Frameworks */ = {isa = PBXBuildFile; productRef = 05EBD83A2B0F4ADC00A2B592 /* Realtime */; };
		05EBD83D2B0F4ADC00A2B592 /* Storage in Frameworks */ = {isa = PBXBuildFile; productRef = 05EBD83C2B0F4ADC00A2B592 /* Storage */; };
		05EBD83F2B0F4B0D00A2B592 /* Functions in Frameworks */ = {isa = PBXBuildFile; productRef = 05EBD83E2B0F4B0D00A2B592 /* Functions */; };
		05EBD8412B0F4B0D00A2B592 /* GoTrue in Frameworks */ = {isa = PBXBuildFile; productRef = 05EBD8402B0F4B0D00A2B592 /* GoTrue */; };
		05EBD8432B0F4B0D00A2B592 /* PostgREST in Frameworks */ = {isa = PBXBuildFile; productRef = 05EBD8422B0F4B0D00A2B592 /* PostgREST */; };
		05EBD8452B0F4B0D00A2B592 /* Realtime in Frameworks */ = {isa = PBXBuildFile; productRef = 05EBD8442B0F4B0D00A2B592 /* Realtime */; };
		05EBD8472B0F4B0D00A2B592 /* Storage in Frameworks */ = {isa = PBXBuildFile; productRef = 05EBD8462B0F4B0D00A2B592 /* Storage */; };
		05EBD8492B0F4B3800A2B592 /* Functions in Frameworks */ = {isa = PBXBuildFile; productRef = 05EBD8482B0F4B3800A2B592 /* Functions */; };
		05EBD84B2B0F4B3800A2B592 /* GoTrue in Frameworks */ = {isa = PBXBuildFile; productRef = 05EBD84A2B0F4B3800A2B592 /* GoTrue */; };
		05EBD84D2B0F4B3800A2B592 /* PostgREST in Frameworks */ = {isa = PBXBuildFile; productRef = 05EBD84C2B0F4B3800A2B592 /* PostgREST */; };
		05EBD84F2B0F4B3800A2B592 /* Realtime in Frameworks */ = {isa = PBXBuildFile; productRef = 05EBD84E2B0F4B3800A2B592 /* Realtime */; };
		05EBD8512B0F4B3800A2B592 /* Storage in Frameworks */ = {isa = PBXBuildFile; productRef = 05EBD8502B0F4B3800A2B592 /* Storage */; };
		05EBD8552B0F4B6E00A2B592 /* Functions in Frameworks */ = {isa = PBXBuildFile; productRef = 05EBD8542B0F4B6E00A2B592 /* Functions */; };
		05EBD8572B0F4B6E00A2B592 /* GoTrue in Frameworks */ = {isa = PBXBuildFile; productRef = 05EBD8562B0F4B6E00A2B592 /* GoTrue */; };
		05EBD8592B0F4B6E00A2B592 /* PostgREST in Frameworks */ = {isa = PBXBuildFile; productRef = 05EBD8582B0F4B6E00A2B592 /* PostgREST */; };
		05EBD85B2B0F4B6E00A2B592 /* Realtime in Frameworks */ = {isa = PBXBuildFile; productRef = 05EBD85A2B0F4B6E00A2B592 /* Realtime */; };
		05EBD85D2B0F4B6E00A2B592 /* Storage in Frameworks */ = {isa = PBXBuildFile; productRef = 05EBD85C2B0F4B6E00A2B592 /* Storage */; };
/* End PBXBuildFile section */

/* Begin PBXFileReference section */
		051327012B0B6CF4004D7A67 /* bet-manager.app */ = {isa = PBXFileReference; explicitFileType = wrapper.application; includeInIndex = 0; path = "bet-manager.app"; sourceTree = BUILT_PRODUCTS_DIR; };
		051327042B0B6CF4004D7A67 /* bet_managerApp.swift */ = {isa = PBXFileReference; lastKnownFileType = sourcecode.swift; path = bet_managerApp.swift; sourceTree = "<group>"; };
		051327062B0B6CF4004D7A67 /* ContentView.swift */ = {isa = PBXFileReference; lastKnownFileType = sourcecode.swift; path = ContentView.swift; sourceTree = "<group>"; };
		051327082B0B6CF5004D7A67 /* Assets.xcassets */ = {isa = PBXFileReference; lastKnownFileType = folder.assetcatalog; path = Assets.xcassets; sourceTree = "<group>"; };
		0513270B2B0B6CF5004D7A67 /* Preview Assets.xcassets */ = {isa = PBXFileReference; lastKnownFileType = folder.assetcatalog; path = "Preview Assets.xcassets"; sourceTree = "<group>"; };
		05406D542B0B98B7005341D9 /* NewBetView.swift */ = {isa = PBXFileReference; lastKnownFileType = sourcecode.swift; path = NewBetView.swift; sourceTree = "<group>"; };
		05406D5A2B0BB113005341D9 /* Bet.swift */ = {isa = PBXFileReference; lastKnownFileType = sourcecode.swift; path = Bet.swift; sourceTree = "<group>"; };
		057B48CF2B0CDD2F003DB2C7 /* BetDetailsView.swift */ = {isa = PBXFileReference; lastKnownFileType = sourcecode.swift; path = BetDetailsView.swift; sourceTree = "<group>"; };
		057B48D12B0CE8B6003DB2C7 /* BetUtils.swift */ = {isa = PBXFileReference; lastKnownFileType = sourcecode.swift; path = BetUtils.swift; sourceTree = "<group>"; };
		059687812B0F625500E26A9A /* BetDatabase.swift */ = {isa = PBXFileReference; lastKnownFileType = sourcecode.swift; path = BetDatabase.swift; sourceTree = "<group>"; };
		05BC8FA42B0CAC520066C6B5 /* BetRow.swift */ = {isa = PBXFileReference; lastKnownFileType = sourcecode.swift; path = BetRow.swift; sourceTree = "<group>"; };
		05EBD8232B0F448700A2B592 /* TotalView.swift */ = {isa = PBXFileReference; lastKnownFileType = sourcecode.swift; path = TotalView.swift; sourceTree = "<group>"; };
		05EBD8252B0F452C00A2B592 /* MainView.swift */ = {isa = PBXFileReference; lastKnownFileType = sourcecode.swift; path = MainView.swift; sourceTree = "<group>"; };
/* End PBXFileReference section */

/* Begin PBXFrameworksBuildPhase section */
		051326FE2B0B6CF4004D7A67 /* Frameworks */ = {
			isa = PBXFrameworksBuildPhase;
			buildActionMask = 2147483647;
			files = (
				0548F09D2B0F4C590000DF0B /* Functions in Frameworks */,
				05EBD8412B0F4B0D00A2B592 /* GoTrue in Frameworks */,
				05EBD83B2B0F4ADC00A2B592 /* Realtime in Frameworks */,
				05EBD8492B0F4B3800A2B592 /* Functions in Frameworks */,
				05EBD85B2B0F4B6E00A2B592 /* Realtime in Frameworks */,
				05EBD8592B0F4B6E00A2B592 /* PostgREST in Frameworks */,
				0571F5002B0F4CC5003C53D4 /* PostgREST in Frameworks */,
				05EBD8352B0F4ADC00A2B592 /* Functions in Frameworks */,
				05EBD8472B0F4B0D00A2B592 /* Storage in Frameworks */,
				05EBD82D2B0F48FD00A2B592 /* PostgREST in Frameworks */,
				05EBD82B2B0F48FD00A2B592 /* GoTrue in Frameworks */,
				05EBD8292B0F48FD00A2B592 /* Functions in Frameworks */,
				05EBD8572B0F4B6E00A2B592 /* GoTrue in Frameworks */,
				0548F09F2B0F4C590000DF0B /* GoTrue in Frameworks */,
				0571F4FC2B0F4CC5003C53D4 /* Functions in Frameworks */,
				05EBD8512B0F4B3800A2B592 /* Storage in Frameworks */,
				05EBD8432B0F4B0D00A2B592 /* PostgREST in Frameworks */,
				05EBD85D2B0F4B6E00A2B592 /* Storage in Frameworks */,
				0548F0A12B0F4C590000DF0B /* PostgREST in Frameworks */,
				05EBD8452B0F4B0D00A2B592 /* Realtime in Frameworks */,
				0548F0A52B0F4C590000DF0B /* Storage in Frameworks */,
				05EBD8392B0F4ADC00A2B592 /* PostgREST in Frameworks */,
				05EBD8312B0F48FD00A2B592 /* Storage in Frameworks */,
				0571F5042B0F4CC5003C53D4 /* Storage in Frameworks */,
				0571F5022B0F4CC5003C53D4 /* Realtime in Frameworks */,
				05EBD84D2B0F4B3800A2B592 /* PostgREST in Frameworks */,
				0548F0A32B0F4C590000DF0B /* Realtime in Frameworks */,
				05EBD82F2B0F48FD00A2B592 /* Realtime in Frameworks */,
				05EBD83D2B0F4ADC00A2B592 /* Storage in Frameworks */,
				05EBD8372B0F4ADC00A2B592 /* GoTrue in Frameworks */,
				05EBD83F2B0F4B0D00A2B592 /* Functions in Frameworks */,
				0571F4FE2B0F4CC5003C53D4 /* GoTrue in Frameworks */,
				0571F5062B0F4CC5003C53D4 /* Supabase in Frameworks */,
				05EBD8552B0F4B6E00A2B592 /* Functions in Frameworks */,
				05EBD84F2B0F4B3800A2B592 /* Realtime in Frameworks */,
				05EBD84B2B0F4B3800A2B592 /* GoTrue in Frameworks */,
			);
			runOnlyForDeploymentPostprocessing = 0;
		};
/* End PBXFrameworksBuildPhase section */

/* Begin PBXGroup section */
		051326F82B0B6CF4004D7A67 = {
			isa = PBXGroup;
			children = (
				051327032B0B6CF4004D7A67 /* bet-manager */,
				051327022B0B6CF4004D7A67 /* Products */,
			);
			sourceTree = "<group>";
		};
		051327022B0B6CF4004D7A67 /* Products */ = {
			isa = PBXGroup;
			children = (
				051327012B0B6CF4004D7A67 /* bet-manager.app */,
			);
			name = Products;
			sourceTree = "<group>";
		};
		051327032B0B6CF4004D7A67 /* bet-manager */ = {
			isa = PBXGroup;
			children = (
				051327042B0B6CF4004D7A67 /* bet_managerApp.swift */,
				05406D542B0B98B7005341D9 /* NewBetView.swift */,
				057B48CF2B0CDD2F003DB2C7 /* BetDetailsView.swift */,
				057B48D12B0CE8B6003DB2C7 /* BetUtils.swift */,
				059687812B0F625500E26A9A /* BetDatabase.swift */,
				05BC8FA42B0CAC520066C6B5 /* BetRow.swift */,
				05EBD8252B0F452C00A2B592 /* MainView.swift */,
				05406D5A2B0BB113005341D9 /* Bet.swift */,
				051327062B0B6CF4004D7A67 /* ContentView.swift */,
				05EBD8232B0F448700A2B592 /* TotalView.swift */,
				051327082B0B6CF5004D7A67 /* Assets.xcassets */,
				0513270A2B0B6CF5004D7A67 /* Preview Content */,
			);
			path = "bet-manager";
			sourceTree = "<group>";
		};
		0513270A2B0B6CF5004D7A67 /* Preview Content */ = {
			isa = PBXGroup;
			children = (
				0513270B2B0B6CF5004D7A67 /* Preview Assets.xcassets */,
			);
			path = "Preview Content";
			sourceTree = "<group>";
		};
/* End PBXGroup section */

/* Begin PBXNativeTarget section */
		051327002B0B6CF4004D7A67 /* bet-manager */ = {
			isa = PBXNativeTarget;
			buildConfigurationList = 0513270F2B0B6CF5004D7A67 /* Build configuration list for PBXNativeTarget "bet-manager" */;
			buildPhases = (
				051326FD2B0B6CF4004D7A67 /* Sources */,
				051326FE2B0B6CF4004D7A67 /* Frameworks */,
				051326FF2B0B6CF4004D7A67 /* Resources */,
			);
			buildRules = (
			);
			dependencies = (
			);
			name = "bet-manager";
			packageProductDependencies = (
				05EBD8282B0F48FD00A2B592 /* Functions */,
				05EBD82A2B0F48FD00A2B592 /* GoTrue */,
				05EBD82C2B0F48FD00A2B592 /* PostgREST */,
				05EBD82E2B0F48FD00A2B592 /* Realtime */,
				05EBD8302B0F48FD00A2B592 /* Storage */,
				05EBD8342B0F4ADC00A2B592 /* Functions */,
				05EBD8362B0F4ADC00A2B592 /* GoTrue */,
				05EBD8382B0F4ADC00A2B592 /* PostgREST */,
				05EBD83A2B0F4ADC00A2B592 /* Realtime */,
				05EBD83C2B0F4ADC00A2B592 /* Storage */,
				05EBD83E2B0F4B0D00A2B592 /* Functions */,
				05EBD8402B0F4B0D00A2B592 /* GoTrue */,
				05EBD8422B0F4B0D00A2B592 /* PostgREST */,
				05EBD8442B0F4B0D00A2B592 /* Realtime */,
				05EBD8462B0F4B0D00A2B592 /* Storage */,
				05EBD8482B0F4B3800A2B592 /* Functions */,
				05EBD84A2B0F4B3800A2B592 /* GoTrue */,
				05EBD84C2B0F4B3800A2B592 /* PostgREST */,
				05EBD84E2B0F4B3800A2B592 /* Realtime */,
				05EBD8502B0F4B3800A2B592 /* Storage */,
				05EBD8542B0F4B6E00A2B592 /* Functions */,
				05EBD8562B0F4B6E00A2B592 /* GoTrue */,
				05EBD8582B0F4B6E00A2B592 /* PostgREST */,
				05EBD85A2B0F4B6E00A2B592 /* Realtime */,
				05EBD85C2B0F4B6E00A2B592 /* Storage */,
				0548F09C2B0F4C590000DF0B /* Functions */,
				0548F09E2B0F4C590000DF0B /* GoTrue */,
				0548F0A02B0F4C590000DF0B /* PostgREST */,
				0548F0A22B0F4C590000DF0B /* Realtime */,
				0548F0A42B0F4C590000DF0B /* Storage */,
				0571F4FB2B0F4CC5003C53D4 /* Functions */,
				0571F4FD2B0F4CC5003C53D4 /* GoTrue */,
				0571F4FF2B0F4CC5003C53D4 /* PostgREST */,
				0571F5012B0F4CC5003C53D4 /* Realtime */,
				0571F5032B0F4CC5003C53D4 /* Storage */,
				0571F5052B0F4CC5003C53D4 /* Supabase */,
			);
			productName = "bet-manager";
			productReference = 051327012B0B6CF4004D7A67 /* bet-manager.app */;
			productType = "com.apple.product-type.application";
		};
/* End PBXNativeTarget section */

/* Begin PBXProject section */
		051326F92B0B6CF4004D7A67 /* Project object */ = {
			isa = PBXProject;
			attributes = {
				BuildIndependentTargetsInParallel = 1;
				LastSwiftUpdateCheck = 1500;
				LastUpgradeCheck = 1500;
				TargetAttributes = {
					051327002B0B6CF4004D7A67 = {
						CreatedOnToolsVersion = 15.0.1;
					};
				};
			};
			buildConfigurationList = 051326FC2B0B6CF4004D7A67 /* Build configuration list for PBXProject "bet-manager" */;
			compatibilityVersion = "Xcode 14.0";
			developmentRegion = en;
			hasScannedForEncodings = 0;
			knownRegions = (
				en,
				Base,
			);
			mainGroup = 051326F82B0B6CF4004D7A67;
			packageReferences = (
				05EBD8272B0F48FD00A2B592 /* XCRemoteSwiftPackageReference "supabase-swift" */,
			);
			productRefGroup = 051327022B0B6CF4004D7A67 /* Products */;
			projectDirPath = "";
			projectRoot = "";
			targets = (
				051327002B0B6CF4004D7A67 /* bet-manager */,
			);
		};
/* End PBXProject section */

/* Begin PBXResourcesBuildPhase section */
		051326FF2B0B6CF4004D7A67 /* Resources */ = {
			isa = PBXResourcesBuildPhase;
			buildActionMask = 2147483647;
			files = (
				0513270C2B0B6CF5004D7A67 /* Preview Assets.xcassets in Resources */,
				051327092B0B6CF5004D7A67 /* Assets.xcassets in Resources */,
			);
			runOnlyForDeploymentPostprocessing = 0;
		};
/* End PBXResourcesBuildPhase section */

/* Begin PBXSourcesBuildPhase section */
		051326FD2B0B6CF4004D7A67 /* Sources */ = {
			isa = PBXSourcesBuildPhase;
			buildActionMask = 2147483647;
			files = (
				051327072B0B6CF4004D7A67 /* ContentView.swift in Sources */,
				05EBD8262B0F452C00A2B592 /* MainView.swift in Sources */,
				05EBD8242B0F448700A2B592 /* TotalView.swift in Sources */,
				05406D552B0B98B7005341D9 /* NewBetView.swift in Sources */,
				051327052B0B6CF4004D7A67 /* bet_managerApp.swift in Sources */,
				059687822B0F625500E26A9A /* BetDatabase.swift in Sources */,
				057B48D22B0CE8B6003DB2C7 /* BetUtils.swift in Sources */,
				057B48D02B0CDD2F003DB2C7 /* BetDetailsView.swift in Sources */,
				05BC8FA52B0CAC520066C6B5 /* BetRow.swift in Sources */,
				05406D5B2B0BB113005341D9 /* Bet.swift in Sources */,
			);
			runOnlyForDeploymentPostprocessing = 0;
		};
/* End PBXSourcesBuildPhase section */

/* Begin XCBuildConfiguration section */
		0513270D2B0B6CF5004D7A67 /* Debug */ = {
			isa = XCBuildConfiguration;
			buildSettings = {
				ALWAYS_SEARCH_USER_PATHS = NO;
				ASSETCATALOG_COMPILER_GENERATE_SWIFT_ASSET_SYMBOL_EXTENSIONS = YES;
				CLANG_ANALYZER_NONNULL = YES;
				CLANG_ANALYZER_NUMBER_OBJECT_CONVERSION = YES_AGGRESSIVE;
				CLANG_CXX_LANGUAGE_STANDARD = "gnu++20";
				CLANG_ENABLE_MODULES = YES;
				CLANG_ENABLE_OBJC_ARC = YES;
				CLANG_ENABLE_OBJC_WEAK = YES;
				CLANG_WARN_BLOCK_CAPTURE_AUTORELEASING = YES;
				CLANG_WARN_BOOL_CONVERSION = YES;
				CLANG_WARN_COMMA = YES;
				CLANG_WARN_CONSTANT_CONVERSION = YES;
				CLANG_WARN_DEPRECATED_OBJC_IMPLEMENTATIONS = YES;
				CLANG_WARN_DIRECT_OBJC_ISA_USAGE = YES_ERROR;
				CLANG_WARN_DOCUMENTATION_COMMENTS = YES;
				CLANG_WARN_EMPTY_BODY = YES;
				CLANG_WARN_ENUM_CONVERSION = YES;
				CLANG_WARN_INFINITE_RECURSION = YES;
				CLANG_WARN_INT_CONVERSION = YES;
				CLANG_WARN_NON_LITERAL_NULL_CONVERSION = YES;
				CLANG_WARN_OBJC_IMPLICIT_RETAIN_SELF = YES;
				CLANG_WARN_OBJC_LITERAL_CONVERSION = YES;
				CLANG_WARN_OBJC_ROOT_CLASS = YES_ERROR;
				CLANG_WARN_QUOTED_INCLUDE_IN_FRAMEWORK_HEADER = YES;
				CLANG_WARN_RANGE_LOOP_ANALYSIS = YES;
				CLANG_WARN_STRICT_PROTOTYPES = YES;
				CLANG_WARN_SUSPICIOUS_MOVE = YES;
				CLANG_WARN_UNGUARDED_AVAILABILITY = YES_AGGRESSIVE;
				CLANG_WARN_UNREACHABLE_CODE = YES;
				CLANG_WARN__DUPLICATE_METHOD_MATCH = YES;
				COPY_PHASE_STRIP = NO;
				DEBUG_INFORMATION_FORMAT = dwarf;
				ENABLE_STRICT_OBJC_MSGSEND = YES;
				ENABLE_TESTABILITY = YES;
				ENABLE_USER_SCRIPT_SANDBOXING = YES;
				GCC_C_LANGUAGE_STANDARD = gnu17;
				GCC_DYNAMIC_NO_PIC = NO;
				GCC_NO_COMMON_BLOCKS = YES;
				GCC_OPTIMIZATION_LEVEL = 0;
				GCC_PREPROCESSOR_DEFINITIONS = (
					"DEBUG=1",
					"$(inherited)",
				);
				GCC_WARN_64_TO_32_BIT_CONVERSION = YES;
				GCC_WARN_ABOUT_RETURN_TYPE = YES_ERROR;
				GCC_WARN_UNDECLARED_SELECTOR = YES;
				GCC_WARN_UNINITIALIZED_AUTOS = YES_AGGRESSIVE;
				GCC_WARN_UNUSED_FUNCTION = YES;
				GCC_WARN_UNUSED_VARIABLE = YES;
				IPHONEOS_DEPLOYMENT_TARGET = 17.0;
				LOCALIZATION_PREFERS_STRING_CATALOGS = YES;
				MTL_ENABLE_DEBUG_INFO = INCLUDE_SOURCE;
				MTL_FAST_MATH = YES;
				ONLY_ACTIVE_ARCH = YES;
				SDKROOT = iphoneos;
				SWIFT_ACTIVE_COMPILATION_CONDITIONS = "DEBUG $(inherited)";
				SWIFT_OPTIMIZATION_LEVEL = "-Onone";
			};
			name = Debug;
		};
		0513270E2B0B6CF5004D7A67 /* Release */ = {
			isa = XCBuildConfiguration;
			buildSettings = {
				ALWAYS_SEARCH_USER_PATHS = NO;
				ASSETCATALOG_COMPILER_GENERATE_SWIFT_ASSET_SYMBOL_EXTENSIONS = YES;
				CLANG_ANALYZER_NONNULL = YES;
				CLANG_ANALYZER_NUMBER_OBJECT_CONVERSION = YES_AGGRESSIVE;
				CLANG_CXX_LANGUAGE_STANDARD = "gnu++20";
				CLANG_ENABLE_MODULES = YES;
				CLANG_ENABLE_OBJC_ARC = YES;
				CLANG_ENABLE_OBJC_WEAK = YES;
				CLANG_WARN_BLOCK_CAPTURE_AUTORELEASING = YES;
				CLANG_WARN_BOOL_CONVERSION = YES;
				CLANG_WARN_COMMA = YES;
				CLANG_WARN_CONSTANT_CONVERSION = YES;
				CLANG_WARN_DEPRECATED_OBJC_IMPLEMENTATIONS = YES;
				CLANG_WARN_DIRECT_OBJC_ISA_USAGE = YES_ERROR;
				CLANG_WARN_DOCUMENTATION_COMMENTS = YES;
				CLANG_WARN_EMPTY_BODY = YES;
				CLANG_WARN_ENUM_CONVERSION = YES;
				CLANG_WARN_INFINITE_RECURSION = YES;
				CLANG_WARN_INT_CONVERSION = YES;
				CLANG_WARN_NON_LITERAL_NULL_CONVERSION = YES;
				CLANG_WARN_OBJC_IMPLICIT_RETAIN_SELF = YES;
				CLANG_WARN_OBJC_LITERAL_CONVERSION = YES;
				CLANG_WARN_OBJC_ROOT_CLASS = YES_ERROR;
				CLANG_WARN_QUOTED_INCLUDE_IN_FRAMEWORK_HEADER = YES;
				CLANG_WARN_RANGE_LOOP_ANALYSIS = YES;
				CLANG_WARN_STRICT_PROTOTYPES = YES;
				CLANG_WARN_SUSPICIOUS_MOVE = YES;
				CLANG_WARN_UNGUARDED_AVAILABILITY = YES_AGGRESSIVE;
				CLANG_WARN_UNREACHABLE_CODE = YES;
				CLANG_WARN__DUPLICATE_METHOD_MATCH = YES;
				COPY_PHASE_STRIP = NO;
				DEBUG_INFORMATION_FORMAT = "dwarf-with-dsym";
				ENABLE_NS_ASSERTIONS = NO;
				ENABLE_STRICT_OBJC_MSGSEND = YES;
				ENABLE_USER_SCRIPT_SANDBOXING = YES;
				GCC_C_LANGUAGE_STANDARD = gnu17;
				GCC_NO_COMMON_BLOCKS = YES;
				GCC_WARN_64_TO_32_BIT_CONVERSION = YES;
				GCC_WARN_ABOUT_RETURN_TYPE = YES_ERROR;
				GCC_WARN_UNDECLARED_SELECTOR = YES;
				GCC_WARN_UNINITIALIZED_AUTOS = YES_AGGRESSIVE;
				GCC_WARN_UNUSED_FUNCTION = YES;
				GCC_WARN_UNUSED_VARIABLE = YES;
				IPHONEOS_DEPLOYMENT_TARGET = 17.0;
				LOCALIZATION_PREFERS_STRING_CATALOGS = YES;
				MTL_ENABLE_DEBUG_INFO = NO;
				MTL_FAST_MATH = YES;
				SDKROOT = iphoneos;
				SWIFT_COMPILATION_MODE = wholemodule;
				VALIDATE_PRODUCT = YES;
			};
			name = Release;
		};
		051327102B0B6CF5004D7A67 /* Debug */ = {
			isa = XCBuildConfiguration;
			buildSettings = {
				ASSETCATALOG_COMPILER_APPICON_NAME = AppIcon;
				ASSETCATALOG_COMPILER_GLOBAL_ACCENT_COLOR_NAME = AccentColor;
				CODE_SIGN_STYLE = Automatic;
				CURRENT_PROJECT_VERSION = 1;
				DEVELOPMENT_ASSET_PATHS = "\"bet-manager/Preview Content\"";
				DEVELOPMENT_TEAM = PS4QZ7W5VY;
				ENABLE_PREVIEWS = YES;
				GENERATE_INFOPLIST_FILE = YES;
				INFOPLIST_KEY_UIApplicationSceneManifest_Generation = YES;
				INFOPLIST_KEY_UIApplicationSupportsIndirectInputEvents = YES;
				INFOPLIST_KEY_UILaunchScreen_Generation = YES;
				INFOPLIST_KEY_UISupportedInterfaceOrientations_iPad = "UIInterfaceOrientationPortrait UIInterfaceOrientationPortraitUpsideDown UIInterfaceOrientationLandscapeLeft UIInterfaceOrientationLandscapeRight";
				INFOPLIST_KEY_UISupportedInterfaceOrientations_iPhone = "UIInterfaceOrientationPortrait UIInterfaceOrientationLandscapeLeft UIInterfaceOrientationLandscapeRight";
				LD_RUNPATH_SEARCH_PATHS = (
					"$(inherited)",
					"@executable_path/Frameworks",
				);
				MARKETING_VERSION = 1.0;
				PRODUCT_BUNDLE_IDENTIFIER = "com.thomas.bet-manager";
				PRODUCT_NAME = "$(TARGET_NAME)";
				SWIFT_EMIT_LOC_STRINGS = YES;
				SWIFT_VERSION = 5.0;
				TARGETED_DEVICE_FAMILY = "1,2";
			};
			name = Debug;
		};
		051327112B0B6CF5004D7A67 /* Release */ = {
			isa = XCBuildConfiguration;
			buildSettings = {
				ASSETCATALOG_COMPILER_APPICON_NAME = AppIcon;
				ASSETCATALOG_COMPILER_GLOBAL_ACCENT_COLOR_NAME = AccentColor;
				CODE_SIGN_STYLE = Automatic;
				CURRENT_PROJECT_VERSION = 1;
				DEVELOPMENT_ASSET_PATHS = "\"bet-manager/Preview Content\"";
				DEVELOPMENT_TEAM = PS4QZ7W5VY;
				ENABLE_PREVIEWS = YES;
				GENERATE_INFOPLIST_FILE = YES;
				INFOPLIST_KEY_UIApplicationSceneManifest_Generation = YES;
				INFOPLIST_KEY_UIApplicationSupportsIndirectInputEvents = YES;
				INFOPLIST_KEY_UILaunchScreen_Generation = YES;
				INFOPLIST_KEY_UISupportedInterfaceOrientations_iPad = "UIInterfaceOrientationPortrait UIInterfaceOrientationPortraitUpsideDown UIInterfaceOrientationLandscapeLeft UIInterfaceOrientationLandscapeRight";
				INFOPLIST_KEY_UISupportedInterfaceOrientations_iPhone = "UIInterfaceOrientationPortrait UIInterfaceOrientationLandscapeLeft UIInterfaceOrientationLandscapeRight";
				LD_RUNPATH_SEARCH_PATHS = (
					"$(inherited)",
					"@executable_path/Frameworks",
				);
				MARKETING_VERSION = 1.0;
				PRODUCT_BUNDLE_IDENTIFIER = "com.thomas.bet-manager";
				PRODUCT_NAME = "$(TARGET_NAME)";
				SWIFT_EMIT_LOC_STRINGS = YES;
				SWIFT_VERSION = 5.0;
				TARGETED_DEVICE_FAMILY = "1,2";
			};
			name = Release;
		};
/* End XCBuildConfiguration section */

/* Begin XCConfigurationList section */
		051326FC2B0B6CF4004D7A67 /* Build configuration list for PBXProject "bet-manager" */ = {
			isa = XCConfigurationList;
			buildConfigurations = (
				0513270D2B0B6CF5004D7A67 /* Debug */,
				0513270E2B0B6CF5004D7A67 /* Release */,
			);
			defaultConfigurationIsVisible = 0;
			defaultConfigurationName = Release;
		};
		0513270F2B0B6CF5004D7A67 /* Build configuration list for PBXNativeTarget "bet-manager" */ = {
			isa = XCConfigurationList;
			buildConfigurations = (
				051327102B0B6CF5004D7A67 /* Debug */,
				051327112B0B6CF5004D7A67 /* Release */,
			);
			defaultConfigurationIsVisible = 0;
			defaultConfigurationName = Release;
		};
/* End XCConfigurationList section */

/* Begin XCRemoteSwiftPackageReference section */
		05EBD8272B0F48FD00A2B592 /* XCRemoteSwiftPackageReference "supabase-swift" */ = {
			isa = XCRemoteSwiftPackageReference;
			repositoryURL = "https://github.com/supabase-community/supabase-swift.git";
			requirement = {
				kind = upToNextMajorVersion;
				minimumVersion = 1.0.0;
			};
		};
/* End XCRemoteSwiftPackageReference section */

/* Begin XCSwiftPackageProductDependency section */
		0548F09C2B0F4C590000DF0B /* Functions */ = {
			isa = XCSwiftPackageProductDependency;
			package = 05EBD8272B0F48FD00A2B592 /* XCRemoteSwiftPackageReference "supabase-swift" */;
			productName = Functions;
		};
		0548F09E2B0F4C590000DF0B /* GoTrue */ = {
			isa = XCSwiftPackageProductDependency;
			package = 05EBD8272B0F48FD00A2B592 /* XCRemoteSwiftPackageReference "supabase-swift" */;
			productName = GoTrue;
		};
		0548F0A02B0F4C590000DF0B /* PostgREST */ = {
			isa = XCSwiftPackageProductDependency;
			package = 05EBD8272B0F48FD00A2B592 /* XCRemoteSwiftPackageReference "supabase-swift" */;
			productName = PostgREST;
		};
		0548F0A22B0F4C590000DF0B /* Realtime */ = {
			isa = XCSwiftPackageProductDependency;
			package = 05EBD8272B0F48FD00A2B592 /* XCRemoteSwiftPackageReference "supabase-swift" */;
			productName = Realtime;
		};
		0548F0A42B0F4C590000DF0B /* Storage */ = {
			isa = XCSwiftPackageProductDependency;
			package = 05EBD8272B0F48FD00A2B592 /* XCRemoteSwiftPackageReference "supabase-swift" */;
			productName = Storage;
		};
		0571F4FB2B0F4CC5003C53D4 /* Functions */ = {
			isa = XCSwiftPackageProductDependency;
			package = 05EBD8272B0F48FD00A2B592 /* XCRemoteSwiftPackageReference "supabase-swift" */;
			productName = Functions;
		};
		0571F4FD2B0F4CC5003C53D4 /* GoTrue */ = {
			isa = XCSwiftPackageProductDependency;
			package = 05EBD8272B0F48FD00A2B592 /* XCRemoteSwiftPackageReference "supabase-swift" */;
			productName = GoTrue;
		};
		0571F4FF2B0F4CC5003C53D4 /* PostgREST */ = {
			isa = XCSwiftPackageProductDependency;
			package = 05EBD8272B0F48FD00A2B592 /* XCRemoteSwiftPackageReference "supabase-swift" */;
			productName = PostgREST;
		};
		0571F5012B0F4CC5003C53D4 /* Realtime */ = {
			isa = XCSwiftPackageProductDependency;
			package = 05EBD8272B0F48FD00A2B592 /* XCRemoteSwiftPackageReference "supabase-swift" */;
			productName = Realtime;
		};
		0571F5032B0F4CC5003C53D4 /* Storage */ = {
			isa = XCSwiftPackageProductDependency;
			package = 05EBD8272B0F48FD00A2B592 /* XCRemoteSwiftPackageReference "supabase-swift" */;
			productName = Storage;
		};
		0571F5052B0F4CC5003C53D4 /* Supabase */ = {
			isa = XCSwiftPackageProductDependency;
			package = 05EBD8272B0F48FD00A2B592 /* XCRemoteSwiftPackageReference "supabase-swift" */;
			productName = Supabase;
		};
		05EBD8282B0F48FD00A2B592 /* Functions */ = {
			isa = XCSwiftPackageProductDependency;
			package = 05EBD8272B0F48FD00A2B592 /* XCRemoteSwiftPackageReference "supabase-swift" */;
			productName = Functions;
		};
		05EBD82A2B0F48FD00A2B592 /* GoTrue */ = {
			isa = XCSwiftPackageProductDependency;
			package = 05EBD8272B0F48FD00A2B592 /* XCRemoteSwiftPackageReference "supabase-swift" */;
			productName = GoTrue;
		};
		05EBD82C2B0F48FD00A2B592 /* PostgREST */ = {
			isa = XCSwiftPackageProductDependency;
			package = 05EBD8272B0F48FD00A2B592 /* XCRemoteSwiftPackageReference "supabase-swift" */;
			productName = PostgREST;
		};
		05EBD82E2B0F48FD00A2B592 /* Realtime */ = {
			isa = XCSwiftPackageProductDependency;
			package = 05EBD8272B0F48FD00A2B592 /* XCRemoteSwiftPackageReference "supabase-swift" */;
			productName = Realtime;
		};
		05EBD8302B0F48FD00A2B592 /* Storage */ = {
			isa = XCSwiftPackageProductDependency;
			package = 05EBD8272B0F48FD00A2B592 /* XCRemoteSwiftPackageReference "supabase-swift" */;
			productName = Storage;
		};
		05EBD8342B0F4ADC00A2B592 /* Functions */ = {
			isa = XCSwiftPackageProductDependency;
			package = 05EBD8272B0F48FD00A2B592 /* XCRemoteSwiftPackageReference "supabase-swift" */;
			productName = Functions;
		};
		05EBD8362B0F4ADC00A2B592 /* GoTrue */ = {
			isa = XCSwiftPackageProductDependency;
			package = 05EBD8272B0F48FD00A2B592 /* XCRemoteSwiftPackageReference "supabase-swift" */;
			productName = GoTrue;
		};
		05EBD8382B0F4ADC00A2B592 /* PostgREST */ = {
			isa = XCSwiftPackageProductDependency;
			package = 05EBD8272B0F48FD00A2B592 /* XCRemoteSwiftPackageReference "supabase-swift" */;
			productName = PostgREST;
		};
		05EBD83A2B0F4ADC00A2B592 /* Realtime */ = {
			isa = XCSwiftPackageProductDependency;
			package = 05EBD8272B0F48FD00A2B592 /* XCRemoteSwiftPackageReference "supabase-swift" */;
			productName = Realtime;
		};
		05EBD83C2B0F4ADC00A2B592 /* Storage */ = {
			isa = XCSwiftPackageProductDependency;
			package = 05EBD8272B0F48FD00A2B592 /* XCRemoteSwiftPackageReference "supabase-swift" */;
			productName = Storage;
		};
		05EBD83E2B0F4B0D00A2B592 /* Functions */ = {
			isa = XCSwiftPackageProductDependency;
			productName = Functions;
		};
		05EBD8402B0F4B0D00A2B592 /* GoTrue */ = {
			isa = XCSwiftPackageProductDependency;
			productName = GoTrue;
		};
		05EBD8422B0F4B0D00A2B592 /* PostgREST */ = {
			isa = XCSwiftPackageProductDependency;
			productName = PostgREST;
		};
		05EBD8442B0F4B0D00A2B592 /* Realtime */ = {
			isa = XCSwiftPackageProductDependency;
			productName = Realtime;
		};
		05EBD8462B0F4B0D00A2B592 /* Storage */ = {
			isa = XCSwiftPackageProductDependency;
			productName = Storage;
		};
		05EBD8482B0F4B3800A2B592 /* Functions */ = {
			isa = XCSwiftPackageProductDependency;
			productName = Functions;
		};
		05EBD84A2B0F4B3800A2B592 /* GoTrue */ = {
			isa = XCSwiftPackageProductDependency;
			productName = GoTrue;
		};
		05EBD84C2B0F4B3800A2B592 /* PostgREST */ = {
			isa = XCSwiftPackageProductDependency;
			productName = PostgREST;
		};
		05EBD84E2B0F4B3800A2B592 /* Realtime */ = {
			isa = XCSwiftPackageProductDependency;
			productName = Realtime;
		};
		05EBD8502B0F4B3800A2B592 /* Storage */ = {
			isa = XCSwiftPackageProductDependency;
			productName = Storage;
		};
		05EBD8542B0F4B6E00A2B592 /* Functions */ = {
			isa = XCSwiftPackageProductDependency;
			productName = Functions;
		};
		05EBD8562B0F4B6E00A2B592 /* GoTrue */ = {
			isa = XCSwiftPackageProductDependency;
			productName = GoTrue;
		};
		05EBD8582B0F4B6E00A2B592 /* PostgREST */ = {
			isa = XCSwiftPackageProductDependency;
			productName = PostgREST;
		};
		05EBD85A2B0F4B6E00A2B592 /* Realtime */ = {
			isa = XCSwiftPackageProductDependency;
			productName = Realtime;
		};
		05EBD85C2B0F4B6E00A2B592 /* Storage */ = {
			isa = XCSwiftPackageProductDependency;
			productName = Storage;
		};
/* End XCSwiftPackageProductDependency section */
	};
	rootObject = 051326F92B0B6CF4004D7A67 /* Project object */;
}
